
Microsoft Visual Studio Solution File, Format Version 12.00
# Visual Studio 15
VisualStudioVersion = 15.0.28010.2026
MinimumVisualStudioVersion = 10.0.40219.1
Project("{FAE04EC0-301F-11D3-BF4B-00C04F79EFBC}") = "mobileteam2.Android", "mobileteam2\mobileteam2.Android\mobileteam2.Android.csproj", "{24CE3C36-16B9-426D-AA0C-5961ECF8D88C}"
EndProject
Project("{FAE04EC0-301F-11D3-BF4B-00C04F79EFBC}") = "mobileteam2.iOS", "mobileteam2\mobileteam2.iOS\mobileteam2.iOS.csproj", "{0206B1AA-CBD5-44A5-95D8-1D9D94D20AA3}"
EndProject
Project("{FAE04EC0-301F-11D3-BF4B-00C04F79EFBC}") = "mobileteam2", "mobileteam2\mobileteam2\mobileteam2.csproj", "{ADDD7593-E554-455B-ADBF-89B26C4E4FDF}"
EndProject
Global
	GlobalSection(SolutionConfigurationPlatforms) = preSolution
		Debug|Any CPU = Debug|Any CPU
		Debug|iPhone = Debug|iPhone
		Debug|iPhoneSimulator = Debug|iPhoneSimulator
		Release|Any CPU = Release|Any CPU
		Release|iPhone = Release|iPhone
		Release|iPhoneSimulator = Release|iPhoneSimulator
	EndGlobalSection
	GlobalSection(ProjectConfigurationPlatforms) = postSolution
		{24CE3C36-16B9-426D-AA0C-5961ECF8D88C}.Debug|Any CPU.ActiveCfg = Debug|Any CPU
		{24CE3C36-16B9-426D-AA0C-5961ECF8D88C}.Debug|Any CPU.Build.0 = Debug|Any CPU
		{24CE3C36-16B9-426D-AA0C-5961ECF8D88C}.Debug|Any CPU.Deploy.0 = Debug|Any CPU
		{24CE3C36-16B9-426D-AA0C-5961ECF8D88C}.Debug|iPhone.ActiveCfg = Debug|Any CPU
		{24CE3C36-16B9-426D-AA0C-5961ECF8D88C}.Debug|iPhone.Build.0 = Debug|Any CPU
		{24CE3C36-16B9-426D-AA0C-5961ECF8D88C}.Debug|iPhone.Deploy.0 = Debug|Any CPU
		{24CE3C36-16B9-426D-AA0C-5961ECF8D88C}.Debug|iPhoneSimulator.ActiveCfg = Debug|Any CPU
		{24CE3C36-16B9-426D-AA0C-5961ECF8D88C}.Debug|iPhoneSimulator.Build.0 = Debug|Any CPU
		{24CE3C36-16B9-426D-AA0C-5961ECF8D88C}.Debug|iPhoneSimulator.Deploy.0 = Debug|Any CPU
		{24CE3C36-16B9-426D-AA0C-5961ECF8D88C}.Release|Any CPU.ActiveCfg = Release|Any CPU
		{24CE3C36-16B9-426D-AA0C-5961ECF8D88C}.Release|Any CPU.Build.0 = Release|Any CPU
		{24CE3C36-16B9-426D-AA0C-5961ECF8D88C}.Release|Any CPU.Deploy.0 = Release|Any CPU
		{24CE3C36-16B9-426D-AA0C-5961ECF8D88C}.Release|iPhone.ActiveCfg = Release|Any CPU
		{24CE3C36-16B9-426D-AA0C-5961ECF8D88C}.Release|iPhone.Build.0 = Release|Any CPU
		{24CE3C36-16B9-426D-AA0C-5961ECF8D88C}.Release|iPhone.Deploy.0 = Release|Any CPU
		{24CE3C36-16B9-426D-AA0C-5961ECF8D88C}.Release|iPhoneSimulator.ActiveCfg = Release|Any CPU
		{24CE3C36-16B9-426D-AA0C-5961ECF8D88C}.Release|iPhoneSimulator.Build.0 = Release|Any CPU
		{24CE3C36-16B9-426D-AA0C-5961ECF8D88C}.Release|iPhoneSimulator.Deploy.0 = Release|Any CPU
		{0206B1AA-CBD5-44A5-95D8-1D9D94D20AA3}.Debug|Any CPU.ActiveCfg = Debug|iPhoneSimulator
		{0206B1AA-CBD5-44A5-95D8-1D9D94D20AA3}.Debug|Any CPU.Build.0 = Debug|iPhoneSimulator
		{0206B1AA-CBD5-44A5-95D8-1D9D94D20AA3}.Debug|Any CPU.Deploy.0 = Debug|iPhoneSimulator
		{0206B1AA-CBD5-44A5-95D8-1D9D94D20AA3}.Debug|iPhone.ActiveCfg = Debug|iPhone
		{0206B1AA-CBD5-44A5-95D8-1D9D94D20AA3}.Debug|iPhone.Build.0 = Debug|iPhone
		{0206B1AA-CBD5-44A5-95D8-1D9D94D20AA3}.Debug|iPhone.Deploy.0 = Debug|iPhone
		{0206B1AA-CBD5-44A5-95D8-1D9D94D20AA3}.Debug|iPhoneSimulator.ActiveCfg = Debug|iPhoneSimulator
		{0206B1AA-CBD5-44A5-95D8-1D9D94D20AA3}.Debug|iPhoneSimulator.Build.0 = Debug|iPhoneSimulator
		{0206B1AA-CBD5-44A5-95D8-1D9D94D20AA3}.Debug|iPhoneSimulator.Deploy.0 = Debug|iPhoneSimulator
		{0206B1AA-CBD5-44A5-95D8-1D9D94D20AA3}.Release|Any CPU.ActiveCfg = Release|iPhone
		{0206B1AA-CBD5-44A5-95D8-1D9D94D20AA3}.Release|Any CPU.Build.0 = Release|iPhone
		{0206B1AA-CBD5-44A5-95D8-1D9D94D20AA3}.Release|Any CPU.Deploy.0 = Release|iPhone
		{0206B1AA-CBD5-44A5-95D8-1D9D94D20AA3}.Release|iPhone.ActiveCfg = Release|iPhone
		{0206B1AA-CBD5-44A5-95D8-1D9D94D20AA3}.Release|iPhone.Build.0 = Release|iPhone
		{0206B1AA-CBD5-44A5-95D8-1D9D94D20AA3}.Release|iPhone.Deploy.0 = Release|iPhone
		{0206B1AA-CBD5-44A5-95D8-1D9D94D20AA3}.Release|iPhoneSimulator.ActiveCfg = Release|iPhoneSimulator
		{0206B1AA-CBD5-44A5-95D8-1D9D94D20AA3}.Release|iPhoneSimulator.Build.0 = Release|iPhoneSimulator
		{0206B1AA-CBD5-44A5-95D8-1D9D94D20AA3}.Release|iPhoneSimulator.Deploy.0 = Release|iPhoneSimulator
		{ADDD7593-E554-455B-ADBF-89B26C4E4FDF}.Debug|Any CPU.ActiveCfg = Debug|Any CPU
		{ADDD7593-E554-455B-ADBF-89B26C4E4FDF}.Debug|Any CPU.Build.0 = Debug|Any CPU
		{ADDD7593-E554-455B-ADBF-89B26C4E4FDF}.Debug|Any CPU.Deploy.0 = Debug|Any CPU
		{ADDD7593-E554-455B-ADBF-89B26C4E4FDF}.Debug|iPhone.ActiveCfg = Debug|Any CPU
		{ADDD7593-E554-455B-ADBF-89B26C4E4FDF}.Debug|iPhone.Build.0 = Debug|Any CPU
		{ADDD7593-E554-455B-ADBF-89B26C4E4FDF}.Debug|iPhone.Deploy.0 = Debug|Any CPU
		{ADDD7593-E554-455B-ADBF-89B26C4E4FDF}.Debug|iPhoneSimulator.ActiveCfg = Debug|Any CPU
		{ADDD7593-E554-455B-ADBF-89B26C4E4FDF}.Debug|iPhoneSimulator.Build.0 = Debug|Any CPU
		{ADDD7593-E554-455B-ADBF-89B26C4E4FDF}.Debug|iPhoneSimulator.Deploy.0 = Debug|Any CPU
		{ADDD7593-E554-455B-ADBF-89B26C4E4FDF}.Release|Any CPU.ActiveCfg = Release|Any CPU
		{ADDD7593-E554-455B-ADBF-89B26C4E4FDF}.Release|Any CPU.Build.0 = Release|Any CPU
		{ADDD7593-E554-455B-ADBF-89B26C4E4FDF}.Release|Any CPU.Deploy.0 = Release|Any CPU
		{ADDD7593-E554-455B-ADBF-89B26C4E4FDF}.Release|iPhone.ActiveCfg = Release|Any CPU
		{ADDD7593-E554-455B-ADBF-89B26C4E4FDF}.Release|iPhone.Build.0 = Release|Any CPU
		{ADDD7593-E554-455B-ADBF-89B26C4E4FDF}.Release|iPhone.Deploy.0 = Release|Any CPU
		{ADDD7593-E554-455B-ADBF-89B26C4E4FDF}.Release|iPhoneSimulator.ActiveCfg = Release|Any CPU
		{ADDD7593-E554-455B-ADBF-89B26C4E4FDF}.Release|iPhoneSimulator.Build.0 = Release|Any CPU
		{ADDD7593-E554-455B-ADBF-89B26C4E4FDF}.Release|iPhoneSimulator.Deploy.0 = Release|Any CPU
	EndGlobalSection
	GlobalSection(SolutionProperties) = preSolution
		HideSolutionNode = FALSE
	EndGlobalSection
	GlobalSection(ExtensibilityGlobals) = postSolution
		SolutionGuid = {27055013-96FB-4F0A-9290-2CCC8E868727}
	EndGlobalSection
EndGlobal
